
Microsoft Visual Studio Solution File, Format Version 12.00
# Visual Studio Version 17
VisualStudioVersion = 17.9.34607.119
MinimumVisualStudioVersion = 10.0.40219.1
Project("{FAE04EC0-301F-11D3-BF4B-00C04F79EFBC}") = "SeisTec", "SeisTec\SeisTec.csproj", "{A8AF5198-D04B-4916-AF63-97520EF722A2}"
EndProject
Global
	GlobalSection(SolutionConfigurationPlatforms) = preSolution
		Debug|Any CPU = Debug|Any CPU
		Release|Any CPU = Release|Any CPU
	EndGlobalSection
	GlobalSection(ProjectConfigurationPlatforms) = postSolution
		{A8AF5198-D04B-4916-AF63-97520EF722A2}.Debug|Any CPU.ActiveCfg = Debug|Any CPU
		{A8AF5198-D04B-4916-AF63-97520EF722A2}.Debug|Any CPU.Build.0 = Debug|Any CPU
		{A8AF5198-D04B-4916-AF63-97520EF722A2}.Release|Any CPU.ActiveCfg = Release|Any CPU
		{A8AF5198-D04B-4916-AF63-97520EF722A2}.Release|Any CPU.Build.0 = Release|Any CPU
	EndGlobalSection
	GlobalSection(SolutionProperties) = preSolution
		HideSolutionNode = FALSE
	EndGlobalSection
	GlobalSection(ExtensibilityGlobals) = postSolution
		SolutionGuid = {A686D023-9AD2-4581-A003-C276E489CA92}
	EndGlobalSection
EndGlobal
